# @generated by Move, please check-in and do not edit manually.

[move]
version = 2
manifest_digest = "DFE72D00B668064E2A933E24FC780926393A07AD95C283420569DA7C4E499FFB"
deps_digest = "F8BBB0CCB2491CA29A3DF03D6F92277A4F3574266507ACD77214D37ECA3F3082"
dependencies = [
  { name = "Sui" },
]

[[move.package]]
name = "MoveStdlib"
source = { git = "https://github.com/MystenLabs/sui.git", rev = "testnet", subdir = "crates/sui-framework/packages/move-stdlib" }

[[move.package]]
name = "Sui"
source = { git = "https://github.com/MystenLabs/sui.git", rev = "testnet", subdir = "crates/sui-framework/packages/sui-framework" }

dependencies = [
  { name = "MoveStdlib" },
]

[move.toolchain-version]
compiler-version = "1.26.1"
edition = "2024.beta"
flavor = "sui"

[env]

[env.testnet]
chain-id = "4c78adac"
original-published-id = "0x80548cd80c32d1a68d37ae1dbdf78cfe039d05944d8d96cd422f722d0b533aac"
latest-published-id = "0x80548cd80c32d1a68d37ae1dbdf78cfe039d05944d8d96cd422f722d0b533aac"
published-version = "1"
