// !$*UTF8*$!
{
	archiveVersion = 1;
	classes = {
	};
	objectVersion = 56;
	objects = {

/* Begin PBXBuildFile section */
		A11B27E52C0B10CB00AD41D1 /* BioWalletApp.swift in Sources */ = {isa = PBXBuildFile; fileRef = A11B27E42C0B10CB00AD41D1 /* BioWalletApp.swift */; };
		A11B27E72C0B10CB00AD41D1 /* ContentView.swift in Sources */ = {isa = PBXBuildFile; fileRef = A11B27E62C0B10CB00AD41D1 /* ContentView.swift */; };
		A11B27E92C0B10CD00AD41D1 /* Assets.xcassets in Resources */ = {isa = PBXBuildFile; fileRef = A11B27E82C0B10CD00AD41D1 /* Assets.xcassets */; };
		A11B27ED2C0B10CD00AD41D1 /* Preview Assets.xcassets in Resources */ = {isa = PBXBuildFile; fileRef = A11B27EC2C0B10CD00AD41D1 /* Preview Assets.xcassets */; };
		A11B27F72C0B10CD00AD41D1 /* BioWalletTests.swift in Sources */ = {isa = PBXBuildFile; fileRef = A11B27F62C0B10CD00AD41D1 /* BioWalletTests.swift */; };
		A11B28012C0B10CD00AD41D1 /* BioWalletUITests.swift in Sources */ = {isa = PBXBuildFile; fileRef = A11B28002C0B10CD00AD41D1 /* BioWalletUITests.swift */; };
		A11B28032C0B10CD00AD41D1 /* BioWalletUITestsLaunchTests.swift in Sources */ = {isa = PBXBuildFile; fileRef = A11B28022C0B10CD00AD41D1 /* BioWalletUITestsLaunchTests.swift */; };
		A192AE362C0B28D900EB7798 /* SuiKit in Frameworks */ = {isa = PBXBuildFile; productRef = A192AE352C0B28D900EB7798 /* SuiKit */; };
		A1CC412C2C0B2815000737AF /* SignInView.swift in Sources */ = {isa = PBXBuildFile; fileRef = A1CC41262C0B2815000737AF /* SignInView.swift */; };
		A1CC412D2C0B2815000737AF /* HeaderView.swift in Sources */ = {isa = PBXBuildFile; fileRef = A1CC41272C0B2815000737AF /* HeaderView.swift */; };
		A1CC412E2C0B2815000737AF /* Navigation.swift in Sources */ = {isa = PBXBuildFile; fileRef = A1CC41282C0B2815000737AF /* Navigation.swift */; };
		A1CC412F2C0B2815000737AF /* SecureEnclaveManager.swift in Sources */ = {isa = PBXBuildFile; fileRef = A1CC41292C0B2815000737AF /* SecureEnclaveManager.swift */; };
		A1CC41302C0B2815000737AF /* WalletView.swift in Sources */ = {isa = PBXBuildFile; fileRef = A1CC412A2C0B2815000737AF /* WalletView.swift */; };
		A1CC41312C0B2815000737AF /* BioWalletSigner.swift in Sources */ = {isa = PBXBuildFile; fileRef = A1CC412B2C0B2815000737AF /* BioWalletSigner.swift */; };
/* End PBXBuildFile section */

/* Begin PBXContainerItemProxy section */
		A11B27F32C0B10CD00AD41D1 /* PBXContainerItemProxy */ = {
			isa = PBXContainerItemProxy;
			containerPortal = A11B27D92C0B10CB00AD41D1 /* Project object */;
			proxyType = 1;
			remoteGlobalIDString = A11B27E02C0B10CB00AD41D1;
			remoteInfo = BioWallet;
		};
		A11B27FD2C0B10CD00AD41D1 /* PBXContainerItemProxy */ = {
			isa = PBXContainerItemProxy;
			containerPortal = A11B27D92C0B10CB00AD41D1 /* Project object */;
			proxyType = 1;
			remoteGlobalIDString = A11B27E02C0B10CB00AD41D1;
			remoteInfo = BioWallet;
		};
/* End PBXContainerItemProxy section */

/* Begin PBXFileReference section */
		A11B27E12C0B10CB00AD41D1 /* BioWallet.app */ = {isa = PBXFileReference; explicitFileType = wrapper.application; includeInIndex = 0; path = BioWallet.app; sourceTree = BUILT_PRODUCTS_DIR; };
		A11B27E42C0B10CB00AD41D1 /* BioWalletApp.swift */ = {isa = PBXFileReference; lastKnownFileType = sourcecode.swift; path = BioWalletApp.swift; sourceTree = "<group>"; };
		A11B27E62C0B10CB00AD41D1 /* ContentView.swift */ = {isa = PBXFileReference; lastKnownFileType = sourcecode.swift; path = ContentView.swift; sourceTree = "<group>"; };
		A11B27E82C0B10CD00AD41D1 /* Assets.xcassets */ = {isa = PBXFileReference; lastKnownFileType = folder.assetcatalog; path = Assets.xcassets; sourceTree = "<group>"; };
		A11B27EA2C0B10CD00AD41D1 /* BioWallet.entitlements */ = {isa = PBXFileReference; lastKnownFileType = text.plist.entitlements; path = BioWallet.entitlements; sourceTree = "<group>"; };
		A11B27EC2C0B10CD00AD41D1 /* Preview Assets.xcassets */ = {isa = PBXFileReference; lastKnownFileType = folder.assetcatalog; path = "Preview Assets.xcassets"; sourceTree = "<group>"; };
		A11B27F22C0B10CD00AD41D1 /* BioWalletTests.xctest */ = {isa = PBXFileReference; explicitFileType = wrapper.cfbundle; includeInIndex = 0; path = BioWalletTests.xctest; sourceTree = BUILT_PRODUCTS_DIR; };
		A11B27F62C0B10CD00AD41D1 /* BioWalletTests.swift */ = {isa = PBXFileReference; lastKnownFileType = sourcecode.swift; path = BioWalletTests.swift; sourceTree = "<group>"; };
		A11B27FC2C0B10CD00AD41D1 /* BioWalletUITests.xctest */ = {isa = PBXFileReference; explicitFileType = wrapper.cfbundle; includeInIndex = 0; path = BioWalletUITests.xctest; sourceTree = BUILT_PRODUCTS_DIR; };
		A11B28002C0B10CD00AD41D1 /* BioWalletUITests.swift */ = {isa = PBXFileReference; lastKnownFileType = sourcecode.swift; path = BioWalletUITests.swift; sourceTree = "<group>"; };
		A11B28022C0B10CD00AD41D1 /* BioWalletUITestsLaunchTests.swift */ = {isa = PBXFileReference; lastKnownFileType = sourcecode.swift; path = BioWalletUITestsLaunchTests.swift; sourceTree = "<group>"; };
		A1CC41262C0B2815000737AF /* SignInView.swift */ = {isa = PBXFileReference; fileEncoding = 4; lastKnownFileType = sourcecode.swift; path = SignInView.swift; sourceTree = "<group>"; };
		A1CC41272C0B2815000737AF /* HeaderView.swift */ = {isa = PBXFileReference; fileEncoding = 4; lastKnownFileType = sourcecode.swift; path = HeaderView.swift; sourceTree = "<group>"; };
		A1CC41282C0B2815000737AF /* Navigation.swift */ = {isa = PBXFileReference; fileEncoding = 4; lastKnownFileType = sourcecode.swift; path = Navigation.swift; sourceTree = "<group>"; };
		A1CC41292C0B2815000737AF /* SecureEnclaveManager.swift */ = {isa = PBXFileReference; fileEncoding = 4; lastKnownFileType = sourcecode.swift; path = SecureEnclaveManager.swift; sourceTree = "<group>"; };
		A1CC412A2C0B2815000737AF /* WalletView.swift */ = {isa = PBXFileReference; fileEncoding = 4; lastKnownFileType = sourcecode.swift; path = WalletView.swift; sourceTree = "<group>"; };
		A1CC412B2C0B2815000737AF /* BioWalletSigner.swift */ = {isa = PBXFileReference; fileEncoding = 4; lastKnownFileType = sourcecode.swift; path = BioWalletSigner.swift; sourceTree = "<group>"; };
/* End PBXFileReference section */

/* Begin PBXFrameworksBuildPhase section */
		A11B27DE2C0B10CB00AD41D1 /* Frameworks */ = {
			isa = PBXFrameworksBuildPhase;
			buildActionMask = 2147483647;
			files = (
				A192AE362C0B28D900EB7798 /* SuiKit in Frameworks */,
			);
			runOnlyForDeploymentPostprocessing = 0;
		};
		A11B27EF2C0B10CD00AD41D1 /* Frameworks */ = {
			isa = PBXFrameworksBuildPhase;
			buildActionMask = 2147483647;
			files = (
			);
			runOnlyForDeploymentPostprocessing = 0;
		};
		A11B27F92C0B10CD00AD41D1 /* Frameworks */ = {
			isa = PBXFrameworksBuildPhase;
			buildActionMask = 2147483647;
			files = (
			);
			runOnlyForDeploymentPostprocessing = 0;
		};
/* End PBXFrameworksBuildPhase section */

/* Begin PBXGroup section */
		A11B27D82C0B10CB00AD41D1 = {
			isa = PBXGroup;
			children = (
				A11B27E32C0B10CB00AD41D1 /* BioWallet */,
				A11B27F52C0B10CD00AD41D1 /* BioWalletTests */,
				A11B27FF2C0B10CD00AD41D1 /* BioWalletUITests */,
				A11B27E22C0B10CB00AD41D1 /* Products */,
				A192AE342C0B28D900EB7798 /* Frameworks */,
			);
			sourceTree = "<group>";
		};
		A11B27E22C0B10CB00AD41D1 /* Products */ = {
			isa = PBXGroup;
			children = (
				A11B27E12C0B10CB00AD41D1 /* BioWallet.app */,
				A11B27F22C0B10CD00AD41D1 /* BioWalletTests.xctest */,
				A11B27FC2C0B10CD00AD41D1 /* BioWalletUITests.xctest */,
			);
			name = Products;
			sourceTree = "<group>";
		};
		A11B27E32C0B10CB00AD41D1 /* BioWallet */ = {
			isa = PBXGroup;
			children = (
				A1CC412B2C0B2815000737AF /* BioWalletSigner.swift */,
				A1CC41272C0B2815000737AF /* HeaderView.swift */,
				A1CC41282C0B2815000737AF /* Navigation.swift */,
				A1CC41292C0B2815000737AF /* SecureEnclaveManager.swift */,
				A1CC41262C0B2815000737AF /* SignInView.swift */,
				A1CC412A2C0B2815000737AF /* WalletView.swift */,
				A11B27E42C0B10CB00AD41D1 /* BioWalletApp.swift */,
				A11B27E62C0B10CB00AD41D1 /* ContentView.swift */,
				A11B27E82C0B10CD00AD41D1 /* Assets.xcassets */,
				A11B27EA2C0B10CD00AD41D1 /* BioWallet.entitlements */,
				A11B27EB2C0B10CD00AD41D1 /* Preview Content */,
			);
			path = BioWallet;
			sourceTree = "<group>";
		};
		A11B27EB2C0B10CD00AD41D1 /* Preview Content */ = {
			isa = PBXGroup;
			children = (
				A11B27EC2C0B10CD00AD41D1 /* Preview Assets.xcassets */,
			);
			path = "Preview Content";
			sourceTree = "<group>";
		};
		A11B27F52C0B10CD00AD41D1 /* BioWalletTests */ = {
			isa = PBXGroup;
			children = (
				A11B27F62C0B10CD00AD41D1 /* BioWalletTests.swift */,
			);
			path = BioWalletTests;
			sourceTree = "<group>";
		};
		A11B27FF2C0B10CD00AD41D1 /* BioWalletUITests */ = {
			isa = PBXGroup;
			children = (
				A11B28002C0B10CD00AD41D1 /* BioWalletUITests.swift */,
				A11B28022C0B10CD00AD41D1 /* BioWalletUITestsLaunchTests.swift */,
			);
			path = BioWalletUITests;
			sourceTree = "<group>";
		};
		A192AE342C0B28D900EB7798 /* Frameworks */ = {
			isa = PBXGroup;
			children = (
			);
			name = Frameworks;
			sourceTree = "<group>";
		};
/* End PBXGroup section */

/* Begin PBXNativeTarget section */
		A11B27E02C0B10CB00AD41D1 /* BioWallet */ = {
			isa = PBXNativeTarget;
			buildConfigurationList = A11B28062C0B10CD00AD41D1 /* Build configuration list for PBXNativeTarget "BioWallet" */;
			buildPhases = (
				A11B27DD2C0B10CB00AD41D1 /* Sources */,
				A11B27DE2C0B10CB00AD41D1 /* Frameworks */,
				A11B27DF2C0B10CB00AD41D1 /* Resources */,
			);
			buildRules = (
			);
			dependencies = (
			);
			name = BioWallet;
			packageProductDependencies = (
				A192AE352C0B28D900EB7798 /* SuiKit */,
			);
			productName = BioWallet;
			productReference = A11B27E12C0B10CB00AD41D1 /* BioWallet.app */;
			productType = "com.apple.product-type.application";
		};
		A11B27F12C0B10CD00AD41D1 /* BioWalletTests */ = {
			isa = PBXNativeTarget;
			buildConfigurationList = A11B28092C0B10CD00AD41D1 /* Build configuration list for PBXNativeTarget "BioWalletTests" */;
			buildPhases = (
				A11B27EE2C0B10CD00AD41D1 /* Sources */,
				A11B27EF2C0B10CD00AD41D1 /* Frameworks */,
				A11B27F02C0B10CD00AD41D1 /* Resources */,
			);
			buildRules = (
			);
			dependencies = (
				A11B27F42C0B10CD00AD41D1 /* PBXTargetDependency */,
			);
			name = BioWalletTests;
			productName = BioWalletTests;
			productReference = A11B27F22C0B10CD00AD41D1 /* BioWalletTests.xctest */;
			productType = "com.apple.product-type.bundle.unit-test";
		};
		A11B27FB2C0B10CD00AD41D1 /* BioWalletUITests */ = {
			isa = PBXNativeTarget;
			buildConfigurationList = A11B280C2C0B10CD00AD41D1 /* Build configuration list for PBXNativeTarget "BioWalletUITests" */;
			buildPhases = (
				A11B27F82C0B10CD00AD41D1 /* Sources */,
				A11B27F92C0B10CD00AD41D1 /* Frameworks */,
				A11B27FA2C0B10CD00AD41D1 /* Resources */,
			);
			buildRules = (
			);
			dependencies = (
				A11B27FE2C0B10CD00AD41D1 /* PBXTargetDependency */,
			);
			name = BioWalletUITests;
			productName = BioWalletUITests;
			productReference = A11B27FC2C0B10CD00AD41D1 /* BioWalletUITests.xctest */;
			productType = "com.apple.product-type.bundle.ui-testing";
		};
/* End PBXNativeTarget section */

/* Begin PBXProject section */
		A11B27D92C0B10CB00AD41D1 /* Project object */ = {
			isa = PBXProject;
			attributes = {
				BuildIndependentTargetsInParallel = 1;
				LastSwiftUpdateCheck = 1540;
				LastUpgradeCheck = 1540;
				TargetAttributes = {
					A11B27E02C0B10CB00AD41D1 = {
						CreatedOnToolsVersion = 15.4;
					};
					A11B27F12C0B10CD00AD41D1 = {
						CreatedOnToolsVersion = 15.4;
						TestTargetID = A11B27E02C0B10CB00AD41D1;
					};
					A11B27FB2C0B10CD00AD41D1 = {
						CreatedOnToolsVersion = 15.4;
						TestTargetID = A11B27E02C0B10CB00AD41D1;
					};
				};
			};
			buildConfigurationList = A11B27DC2C0B10CB00AD41D1 /* Build configuration list for PBXProject "BioWallet" */;
			compatibilityVersion = "Xcode 14.0";
			developmentRegion = en;
			hasScannedForEncodings = 0;
			knownRegions = (
				en,
				Base,
			);
			mainGroup = A11B27D82C0B10CB00AD41D1;
			packageReferences = (
				A192AE332C0B28CC00EB7798 /* XCRemoteSwiftPackageReference "SuiKit" */,
			);
			productRefGroup = A11B27E22C0B10CB00AD41D1 /* Products */;
			projectDirPath = "";
			projectRoot = "";
			targets = (
				A11B27E02C0B10CB00AD41D1 /* BioWallet */,
				A11B27F12C0B10CD00AD41D1 /* BioWalletTests */,
				A11B27FB2C0B10CD00AD41D1 /* BioWalletUITests */,
			);
		};
/* End PBXProject section */

/* Begin PBXResourcesBuildPhase section */
		A11B27DF2C0B10CB00AD41D1 /* Resources */ = {
			isa = PBXResourcesBuildPhase;
			buildActionMask = 2147483647;
			files = (
				A11B27ED2C0B10CD00AD41D1 /* Preview Assets.xcassets in Resources */,
				A11B27E92C0B10CD00AD41D1 /* Assets.xcassets in Resources */,
			);
			runOnlyForDeploymentPostprocessing = 0;
		};
		A11B27F02C0B10CD00AD41D1 /* Resources */ = {
			isa = PBXResourcesBuildPhase;
			buildActionMask = 2147483647;
			files = (
			);
			runOnlyForDeploymentPostprocessing = 0;
		};
		A11B27FA2C0B10CD00AD41D1 /* Resources */ = {
			isa = PBXResourcesBuildPhase;
			buildActionMask = 2147483647;
			files = (
			);
			runOnlyForDeploymentPostprocessing = 0;
		};
/* End PBXResourcesBuildPhase section */

/* Begin PBXSourcesBuildPhase section */
		A11B27DD2C0B10CB00AD41D1 /* Sources */ = {
			isa = PBXSourcesBuildPhase;
			buildActionMask = 2147483647;
			files = (
				A1CC412C2C0B2815000737AF /* SignInView.swift in Sources */,
				A1CC412F2C0B2815000737AF /* SecureEnclaveManager.swift in Sources */,
				A11B27E72C0B10CB00AD41D1 /* ContentView.swift in Sources */,
				A1CC41312C0B2815000737AF /* BioWalletSigner.swift in Sources */,
				A1CC41302C0B2815000737AF /* WalletView.swift in Sources */,
				A1CC412E2C0B2815000737AF /* Navigation.swift in Sources */,
				A11B27E52C0B10CB00AD41D1 /* BioWalletApp.swift in Sources */,
				A1CC412D2C0B2815000737AF /* HeaderView.swift in Sources */,
			);
			runOnlyForDeploymentPostprocessing = 0;
		};
		A11B27EE2C0B10CD00AD41D1 /* Sources */ = {
			isa = PBXSourcesBuildPhase;
			buildActionMask = 2147483647;
			files = (
				A11B27F72C0B10CD00AD41D1 /* BioWalletTests.swift in Sources */,
			);
			runOnlyForDeploymentPostprocessing = 0;
		};
		A11B27F82C0B10CD00AD41D1 /* Sources */ = {
			isa = PBXSourcesBuildPhase;
			buildActionMask = 2147483647;
			files = (
				A11B28032C0B10CD00AD41D1 /* BioWalletUITestsLaunchTests.swift in Sources */,
				A11B28012C0B10CD00AD41D1 /* BioWalletUITests.swift in Sources */,
			);
			runOnlyForDeploymentPostprocessing = 0;
		};
/* End PBXSourcesBuildPhase section */

/* Begin PBXTargetDependency section */
		A11B27F42C0B10CD00AD41D1 /* PBXTargetDependency */ = {
			isa = PBXTargetDependency;
			target = A11B27E02C0B10CB00AD41D1 /* BioWallet */;
			targetProxy = A11B27F32C0B10CD00AD41D1 /* PBXContainerItemProxy */;
		};
		A11B27FE2C0B10CD00AD41D1 /* PBXTargetDependency */ = {
			isa = PBXTargetDependency;
			target = A11B27E02C0B10CB00AD41D1 /* BioWallet */;
			targetProxy = A11B27FD2C0B10CD00AD41D1 /* PBXContainerItemProxy */;
		};
/* End PBXTargetDependency section */

/* Begin XCBuildConfiguration section */
		A11B28042C0B10CD00AD41D1 /* Debug */ = {
			isa = XCBuildConfiguration;
			buildSettings = {
				ALWAYS_SEARCH_USER_PATHS = NO;
				ASSETCATALOG_COMPILER_GENERATE_SWIFT_ASSET_SYMBOL_EXTENSIONS = YES;
				CLANG_ANALYZER_NONNULL = YES;
				CLANG_ANALYZER_NUMBER_OBJECT_CONVERSION = YES_AGGRESSIVE;
				CLANG_CXX_LANGUAGE_STANDARD = "gnu++20";
				CLANG_ENABLE_MODULES = YES;
				CLANG_ENABLE_OBJC_ARC = YES;
				CLANG_ENABLE_OBJC_WEAK = YES;
				CLANG_WARN_BLOCK_CAPTURE_AUTORELEASING = YES;
				CLANG_WARN_BOOL_CONVERSION = YES;
				CLANG_WARN_COMMA = YES;
				CLANG_WARN_CONSTANT_CONVERSION = YES;
				CLANG_WARN_DEPRECATED_OBJC_IMPLEMENTATIONS = YES;
				CLANG_WARN_DIRECT_OBJC_ISA_USAGE = YES_ERROR;
				CLANG_WARN_DOCUMENTATION_COMMENTS = YES;
				CLANG_WARN_EMPTY_BODY = YES;
				CLANG_WARN_ENUM_CONVERSION = YES;
				CLANG_WARN_INFINITE_RECURSION = YES;
				CLANG_WARN_INT_CONVERSION = YES;
				CLANG_WARN_NON_LITERAL_NULL_CONVERSION = YES;
				CLANG_WARN_OBJC_IMPLICIT_RETAIN_SELF = YES;
				CLANG_WARN_OBJC_LITERAL_CONVERSION = YES;
				CLANG_WARN_OBJC_ROOT_CLASS = YES_ERROR;
				CLANG_WARN_QUOTED_INCLUDE_IN_FRAMEWORK_HEADER = YES;
				CLANG_WARN_RANGE_LOOP_ANALYSIS = YES;
				CLANG_WARN_STRICT_PROTOTYPES = YES;
				CLANG_WARN_SUSPICIOUS_MOVE = YES;
				CLANG_WARN_UNGUARDED_AVAILABILITY = YES_AGGRESSIVE;
				CLANG_WARN_UNREACHABLE_CODE = YES;
				CLANG_WARN__DUPLICATE_METHOD_MATCH = YES;
				COPY_PHASE_STRIP = NO;
				DEBUG_INFORMATION_FORMAT = dwarf;
				ENABLE_STRICT_OBJC_MSGSEND = YES;
				ENABLE_TESTABILITY = YES;
				ENABLE_USER_SCRIPT_SANDBOXING = YES;
				GCC_C_LANGUAGE_STANDARD = gnu17;
				GCC_DYNAMIC_NO_PIC = NO;
				GCC_NO_COMMON_BLOCKS = YES;
				GCC_OPTIMIZATION_LEVEL = 0;
				GCC_PREPROCESSOR_DEFINITIONS = (
					"DEBUG=1",
					"$(inherited)",
				);
				GCC_WARN_64_TO_32_BIT_CONVERSION = YES;
				GCC_WARN_ABOUT_RETURN_TYPE = YES_ERROR;
				GCC_WARN_UNDECLARED_SELECTOR = YES;
				GCC_WARN_UNINITIALIZED_AUTOS = YES_AGGRESSIVE;
				GCC_WARN_UNUSED_FUNCTION = YES;
				GCC_WARN_UNUSED_VARIABLE = YES;
				LOCALIZATION_PREFERS_STRING_CATALOGS = YES;
				MTL_ENABLE_DEBUG_INFO = INCLUDE_SOURCE;
				MTL_FAST_MATH = YES;
				ONLY_ACTIVE_ARCH = YES;
				SWIFT_ACTIVE_COMPILATION_CONDITIONS = "DEBUG $(inherited)";
				SWIFT_OPTIMIZATION_LEVEL = "-Onone";
			};
			name = Debug;
		};
		A11B28052C0B10CD00AD41D1 /* Release */ = {
			isa = XCBuildConfiguration;
			buildSettings = {
				ALWAYS_SEARCH_USER_PATHS = NO;
				ASSETCATALOG_COMPILER_GENERATE_SWIFT_ASSET_SYMBOL_EXTENSIONS = YES;
				CLANG_ANALYZER_NONNULL = YES;
				CLANG_ANALYZER_NUMBER_OBJECT_CONVERSION = YES_AGGRESSIVE;
				CLANG_CXX_LANGUAGE_STANDARD = "gnu++20";
				CLANG_ENABLE_MODULES = YES;
				CLANG_ENABLE_OBJC_ARC = YES;
				CLANG_ENABLE_OBJC_WEAK = YES;
				CLANG_WARN_BLOCK_CAPTURE_AUTORELEASING = YES;
				CLANG_WARN_BOOL_CONVERSION = YES;
				CLANG_WARN_COMMA = YES;
				CLANG_WARN_CONSTANT_CONVERSION = YES;
				CLANG_WARN_DEPRECATED_OBJC_IMPLEMENTATIONS = YES;
				CLANG_WARN_DIRECT_OBJC_ISA_USAGE = YES_ERROR;
				CLANG_WARN_DOCUMENTATION_COMMENTS = YES;
				CLANG_WARN_EMPTY_BODY = YES;
				CLANG_WARN_ENUM_CONVERSION = YES;
				CLANG_WARN_INFINITE_RECURSION = YES;
				CLANG_WARN_INT_CONVERSION = YES;
				CLANG_WARN_NON_LITERAL_NULL_CONVERSION = YES;
				CLANG_WARN_OBJC_IMPLICIT_RETAIN_SELF = YES;
				CLANG_WARN_OBJC_LITERAL_CONVERSION = YES;
				CLANG_WARN_OBJC_ROOT_CLASS = YES_ERROR;
				CLANG_WARN_QUOTED_INCLUDE_IN_FRAMEWORK_HEADER = YES;
				CLANG_WARN_RANGE_LOOP_ANALYSIS = YES;
				CLANG_WARN_STRICT_PROTOTYPES = YES;
				CLANG_WARN_SUSPICIOUS_MOVE = YES;
				CLANG_WARN_UNGUARDED_AVAILABILITY = YES_AGGRESSIVE;
				CLANG_WARN_UNREACHABLE_CODE = YES;
				CLANG_WARN__DUPLICATE_METHOD_MATCH = YES;
				COPY_PHASE_STRIP = NO;
				DEBUG_INFORMATION_FORMAT = "dwarf-with-dsym";
				ENABLE_NS_ASSERTIONS = NO;
				ENABLE_STRICT_OBJC_MSGSEND = YES;
				ENABLE_USER_SCRIPT_SANDBOXING = YES;
				GCC_C_LANGUAGE_STANDARD = gnu17;
				GCC_NO_COMMON_BLOCKS = YES;
				GCC_WARN_64_TO_32_BIT_CONVERSION = YES;
				GCC_WARN_ABOUT_RETURN_TYPE = YES_ERROR;
				GCC_WARN_UNDECLARED_SELECTOR = YES;
				GCC_WARN_UNINITIALIZED_AUTOS = YES_AGGRESSIVE;
				GCC_WARN_UNUSED_FUNCTION = YES;
				GCC_WARN_UNUSED_VARIABLE = YES;
				LOCALIZATION_PREFERS_STRING_CATALOGS = YES;
				MTL_ENABLE_DEBUG_INFO = NO;
				MTL_FAST_MATH = YES;
				SWIFT_COMPILATION_MODE = wholemodule;
			};
			name = Release;
		};
		A11B28072C0B10CD00AD41D1 /* Debug */ = {
			isa = XCBuildConfiguration;
			buildSettings = {
				ASSETCATALOG_COMPILER_APPICON_NAME = AppIcon;
				ASSETCATALOG_COMPILER_GLOBAL_ACCENT_COLOR_NAME = AccentColor;
				CODE_SIGN_ENTITLEMENTS = BioWallet/BioWallet.entitlements;
				CODE_SIGN_STYLE = Automatic;
				CURRENT_PROJECT_VERSION = 1;
				DEVELOPMENT_ASSET_PATHS = "\"BioWallet/Preview Content\"";
				ENABLE_PREVIEWS = YES;
				GENERATE_INFOPLIST_FILE = YES;
				"INFOPLIST_KEY_UIApplicationSceneManifest_Generation[sdk=iphoneos*]" = YES;
				"INFOPLIST_KEY_UIApplicationSceneManifest_Generation[sdk=iphonesimulator*]" = YES;
				"INFOPLIST_KEY_UIApplicationSupportsIndirectInputEvents[sdk=iphoneos*]" = YES;
				"INFOPLIST_KEY_UIApplicationSupportsIndirectInputEvents[sdk=iphonesimulator*]" = YES;
				"INFOPLIST_KEY_UILaunchScreen_Generation[sdk=iphoneos*]" = YES;
				"INFOPLIST_KEY_UILaunchScreen_Generation[sdk=iphonesimulator*]" = YES;
				"INFOPLIST_KEY_UIStatusBarStyle[sdk=iphoneos*]" = UIStatusBarStyleDefault;
				"INFOPLIST_KEY_UIStatusBarStyle[sdk=iphonesimulator*]" = UIStatusBarStyleDefault;
				INFOPLIST_KEY_UISupportedInterfaceOrientations_iPad = "UIInterfaceOrientationPortrait UIInterfaceOrientationPortraitUpsideDown UIInterfaceOrientationLandscapeLeft UIInterfaceOrientationLandscapeRight";
				INFOPLIST_KEY_UISupportedInterfaceOrientations_iPhone = "UIInterfaceOrientationPortrait UIInterfaceOrientationLandscapeLeft UIInterfaceOrientationLandscapeRight";
				IPHONEOS_DEPLOYMENT_TARGET = 17.5;
				LD_RUNPATH_SEARCH_PATHS = "@executable_path/Frameworks";
				"LD_RUNPATH_SEARCH_PATHS[sdk=macosx*]" = "@executable_path/../Frameworks";
				MACOSX_DEPLOYMENT_TARGET = 14.4;
				MARKETING_VERSION = 1.0;
				PRODUCT_BUNDLE_IDENTIFIER = com.bioWallet.BioWallet;
				PRODUCT_NAME = "$(TARGET_NAME)";
				SDKROOT = auto;
				SUPPORTED_PLATFORMS = "iphoneos iphonesimulator macosx";
				SWIFT_EMIT_LOC_STRINGS = YES;
				SWIFT_VERSION = 5.0;
				TARGETED_DEVICE_FAMILY = "1,2";
			};
			name = Debug;
		};
		A11B28082C0B10CD00AD41D1 /* Release */ = {
			isa = XCBuildConfiguration;
			buildSettings = {
				ASSETCATALOG_COMPILER_APPICON_NAME = AppIcon;
				ASSETCATALOG_COMPILER_GLOBAL_ACCENT_COLOR_NAME = AccentColor;
				CODE_SIGN_ENTITLEMENTS = BioWallet/BioWallet.entitlements;
				CODE_SIGN_STYLE = Automatic;
				CURRENT_PROJECT_VERSION = 1;
				DEVELOPMENT_ASSET_PATHS = "\"BioWallet/Preview Content\"";
				ENABLE_PREVIEWS = YES;
				GENERATE_INFOPLIST_FILE = YES;
				"INFOPLIST_KEY_UIApplicationSceneManifest_Generation[sdk=iphoneos*]" = YES;
				"INFOPLIST_KEY_UIApplicationSceneManifest_Generation[sdk=iphonesimulator*]" = YES;
				"INFOPLIST_KEY_UIApplicationSupportsIndirectInputEvents[sdk=iphoneos*]" = YES;
				"INFOPLIST_KEY_UIApplicationSupportsIndirectInputEvents[sdk=iphonesimulator*]" = YES;
				"INFOPLIST_KEY_UILaunchScreen_Generation[sdk=iphoneos*]" = YES;
				"INFOPLIST_KEY_UILaunchScreen_Generation[sdk=iphonesimulator*]" = YES;
				"INFOPLIST_KEY_UIStatusBarStyle[sdk=iphoneos*]" = UIStatusBarStyleDefault;
				"INFOPLIST_KEY_UIStatusBarStyle[sdk=iphonesimulator*]" = UIStatusBarStyleDefault;
				INFOPLIST_KEY_UISupportedInterfaceOrientations_iPad = "UIInterfaceOrientationPortrait UIInterfaceOrientationPortraitUpsideDown UIInterfaceOrientationLandscapeLeft UIInterfaceOrientationLandscapeRight";
				INFOPLIST_KEY_UISupportedInterfaceOrientations_iPhone = "UIInterfaceOrientationPortrait UIInterfaceOrientationLandscapeLeft UIInterfaceOrientationLandscapeRight";
				IPHONEOS_DEPLOYMENT_TARGET = 17.5;
				LD_RUNPATH_SEARCH_PATHS = "@executable_path/Frameworks";
				"LD_RUNPATH_SEARCH_PATHS[sdk=macosx*]" = "@executable_path/../Frameworks";
				MACOSX_DEPLOYMENT_TARGET = 14.4;
				MARKETING_VERSION = 1.0;
				PRODUCT_BUNDLE_IDENTIFIER = com.bioWallet.BioWallet;
				PRODUCT_NAME = "$(TARGET_NAME)";
				SDKROOT = auto;
				SUPPORTED_PLATFORMS = "iphoneos iphonesimulator macosx";
				SWIFT_EMIT_LOC_STRINGS = YES;
				SWIFT_VERSION = 5.0;
				TARGETED_DEVICE_FAMILY = "1,2";
			};
			name = Release;
		};
		A11B280A2C0B10CD00AD41D1 /* Debug */ = {
			isa = XCBuildConfiguration;
			buildSettings = {
				ALWAYS_EMBED_SWIFT_STANDARD_LIBRARIES = YES;
				BUNDLE_LOADER = "$(TEST_HOST)";
				CODE_SIGN_STYLE = Automatic;
				CURRENT_PROJECT_VERSION = 1;
				GENERATE_INFOPLIST_FILE = YES;
				IPHONEOS_DEPLOYMENT_TARGET = 17.5;
				MACOSX_DEPLOYMENT_TARGET = 14.4;
				MARKETING_VERSION = 1.0;
				PRODUCT_BUNDLE_IDENTIFIER = com.bioWallet.BioWalletTests;
				PRODUCT_NAME = "$(TARGET_NAME)";
				SDKROOT = auto;
				SUPPORTED_PLATFORMS = "iphoneos iphonesimulator macosx";
				SWIFT_EMIT_LOC_STRINGS = NO;
				SWIFT_VERSION = 5.0;
				TARGETED_DEVICE_FAMILY = "1,2";
				TEST_HOST = "$(BUILT_PRODUCTS_DIR)/BioWallet.app/$(BUNDLE_EXECUTABLE_FOLDER_PATH)/BioWallet";
			};
			name = Debug;
		};
		A11B280B2C0B10CD00AD41D1 /* Release */ = {
			isa = XCBuildConfiguration;
			buildSettings = {
				ALWAYS_EMBED_SWIFT_STANDARD_LIBRARIES = YES;
				BUNDLE_LOADER = "$(TEST_HOST)";
				CODE_SIGN_STYLE = Automatic;
				CURRENT_PROJECT_VERSION = 1;
				GENERATE_INFOPLIST_FILE = YES;
				IPHONEOS_DEPLOYMENT_TARGET = 17.5;
				MACOSX_DEPLOYMENT_TARGET = 14.4;
				MARKETING_VERSION = 1.0;
				PRODUCT_BUNDLE_IDENTIFIER = com.bioWallet.BioWalletTests;
				PRODUCT_NAME = "$(TARGET_NAME)";
				SDKROOT = auto;
				SUPPORTED_PLATFORMS = "iphoneos iphonesimulator macosx";
				SWIFT_EMIT_LOC_STRINGS = NO;
				SWIFT_VERSION = 5.0;
				TARGETED_DEVICE_FAMILY = "1,2";
				TEST_HOST = "$(BUILT_PRODUCTS_DIR)/BioWallet.app/$(BUNDLE_EXECUTABLE_FOLDER_PATH)/BioWallet";
			};
			name = Release;
		};
		A11B280D2C0B10CD00AD41D1 /* Debug */ = {
			isa = XCBuildConfiguration;
			buildSettings = {
				ALWAYS_EMBED_SWIFT_STANDARD_LIBRARIES = YES;
				CODE_SIGN_STYLE = Automatic;
				CURRENT_PROJECT_VERSION = 1;
				GENERATE_INFOPLIST_FILE = YES;
				IPHONEOS_DEPLOYMENT_TARGET = 17.5;
				MACOSX_DEPLOYMENT_TARGET = 14.4;
				MARKETING_VERSION = 1.0;
				PRODUCT_BUNDLE_IDENTIFIER = com.bioWallet.BioWalletUITests;
				PRODUCT_NAME = "$(TARGET_NAME)";
				SDKROOT = auto;
				SUPPORTED_PLATFORMS = "iphoneos iphonesimulator macosx";
				SWIFT_EMIT_LOC_STRINGS = NO;
				SWIFT_VERSION = 5.0;
				TARGETED_DEVICE_FAMILY = "1,2";
				TEST_TARGET_NAME = BioWallet;
			};
			name = Debug;
		};
		A11B280E2C0B10CD00AD41D1 /* Release */ = {
			isa = XCBuildConfiguration;
			buildSettings = {
				ALWAYS_EMBED_SWIFT_STANDARD_LIBRARIES = YES;
				CODE_SIGN_STYLE = Automatic;
				CURRENT_PROJECT_VERSION = 1;
				GENERATE_INFOPLIST_FILE = YES;
				IPHONEOS_DEPLOYMENT_TARGET = 17.5;
				MACOSX_DEPLOYMENT_TARGET = 14.4;
				MARKETING_VERSION = 1.0;
				PRODUCT_BUNDLE_IDENTIFIER = com.bioWallet.BioWalletUITests;
				PRODUCT_NAME = "$(TARGET_NAME)";
				SDKROOT = auto;
				SUPPORTED_PLATFORMS = "iphoneos iphonesimulator macosx";
				SWIFT_EMIT_LOC_STRINGS = NO;
				SWIFT_VERSION = 5.0;
				TARGETED_DEVICE_FAMILY = "1,2";
				TEST_TARGET_NAME = BioWallet;
			};
			name = Release;
		};
/* End XCBuildConfiguration section */

/* Begin XCConfigurationList section */
		A11B27DC2C0B10CB00AD41D1 /* Build configuration list for PBXProject "BioWallet" */ = {
			isa = XCConfigurationList;
			buildConfigurations = (
				A11B28042C0B10CD00AD41D1 /* Debug */,
				A11B28052C0B10CD00AD41D1 /* Release */,
			);
			defaultConfigurationIsVisible = 0;
			defaultConfigurationName = Release;
		};
		A11B28062C0B10CD00AD41D1 /* Build configuration list for PBXNativeTarget "BioWallet" */ = {
			isa = XCConfigurationList;
			buildConfigurations = (
				A11B28072C0B10CD00AD41D1 /* Debug */,
				A11B28082C0B10CD00AD41D1 /* Release */,
			);
			defaultConfigurationIsVisible = 0;
			defaultConfigurationName = Release;
		};
		A11B28092C0B10CD00AD41D1 /* Build configuration list for PBXNativeTarget "BioWalletTests" */ = {
			isa = XCConfigurationList;
			buildConfigurations = (
				A11B280A2C0B10CD00AD41D1 /* Debug */,
				A11B280B2C0B10CD00AD41D1 /* Release */,
			);
			defaultConfigurationIsVisible = 0;
			defaultConfigurationName = Release;
		};
		A11B280C2C0B10CD00AD41D1 /* Build configuration list for PBXNativeTarget "BioWalletUITests" */ = {
			isa = XCConfigurationList;
			buildConfigurations = (
				A11B280D2C0B10CD00AD41D1 /* Debug */,
				A11B280E2C0B10CD00AD41D1 /* Release */,
			);
			defaultConfigurationIsVisible = 0;
			defaultConfigurationName = Release;
		};
/* End XCConfigurationList section */

/* Begin XCRemoteSwiftPackageReference section */
		A192AE332C0B28CC00EB7798 /* XCRemoteSwiftPackageReference "SuiKit" */ = {
			isa = XCRemoteSwiftPackageReference;
			repositoryURL = "https://github.com/Nilay27/SuiKit.git";
			requirement = {
				branch = main;
				kind = branch;
			};
		};
/* End XCRemoteSwiftPackageReference section */

/* Begin XCSwiftPackageProductDependency section */
		A192AE352C0B28D900EB7798 /* SuiKit */ = {
			isa = XCSwiftPackageProductDependency;
			package = A192AE332C0B28CC00EB7798 /* XCRemoteSwiftPackageReference "SuiKit" */;
			productName = SuiKit;
		};
/* End XCSwiftPackageProductDependency section */
	};
	rootObject = A11B27D92C0B10CB00AD41D1 /* Project object */;
}
